// !$*UTF8*$!
{
	archiveVersion = 1;
	classes = {
	};
	objectVersion = 56;
	objects = {

/* Begin PBXBuildFile section */
		4F04CF462B62CA990028F8E4 /* AppetisersApp.swift in Sources */ = {isa = PBXBuildFile; fileRef = 4F04CF452B62CA990028F8E4 /* AppetisersApp.swift */; };
		4F04CF482B62CA990028F8E4 /* AppetiserTabView.swift in Sources */ = {isa = PBXBuildFile; fileRef = 4F04CF472B62CA990028F8E4 /* AppetiserTabView.swift */; };
		4F04CF4A2B62CA9A0028F8E4 /* Assets.xcassets in Resources */ = {isa = PBXBuildFile; fileRef = 4F04CF492B62CA9A0028F8E4 /* Assets.xcassets */; };
		4F04CF4D2B62CA9A0028F8E4 /* Preview Assets.xcassets in Resources */ = {isa = PBXBuildFile; fileRef = 4F04CF4C2B62CA9A0028F8E4 /* Preview Assets.xcassets */; };
		4F04CF542B62CB8E0028F8E4 /* AppetiserListView.swift in Sources */ = {isa = PBXBuildFile; fileRef = 4F04CF532B62CB8E0028F8E4 /* AppetiserListView.swift */; };
		4F04CF562B62CB9E0028F8E4 /* AccountView.swift in Sources */ = {isa = PBXBuildFile; fileRef = 4F04CF552B62CB9E0028F8E4 /* AccountView.swift */; };
		4F04CF582B62CBA50028F8E4 /* OrderView.swift in Sources */ = {isa = PBXBuildFile; fileRef = 4F04CF572B62CBA50028F8E4 /* OrderView.swift */; };
		4F04CF5A2B62D2A00028F8E4 /* Appetiser.swift in Sources */ = {isa = PBXBuildFile; fileRef = 4F04CF592B62D2A00028F8E4 /* Appetiser.swift */; };
		4F04CF5C2B62D6F50028F8E4 /* FoodView.swift in Sources */ = {isa = PBXBuildFile; fileRef = 4F04CF5B2B62D6F50028F8E4 /* FoodView.swift */; };
		4F04CF5E2B62DC5A0028F8E4 /* FoodImage.swift in Sources */ = {isa = PBXBuildFile; fileRef = 4F04CF5D2B62DC5A0028F8E4 /* FoodImage.swift */; };
		4F131DFE2B9627C10059AC3F /* ButtonView.swift in Sources */ = {isa = PBXBuildFile; fileRef = 4F131DFD2B9627C10059AC3F /* ButtonView.swift */; };
		4F131E002B9629390059AC3F /* XDismissButton.swift in Sources */ = {isa = PBXBuildFile; fileRef = 4F131DFF2B9629390059AC3F /* XDismissButton.swift */; };
		4F32FDE32B7C2BD6005C64EF /* Alert.swift in Sources */ = {isa = PBXBuildFile; fileRef = 4F32FDE22B7C2BD6005C64EF /* Alert.swift */; };
		4F76F8422B7E90380010A79B /* DetailView.swift in Sources */ = {isa = PBXBuildFile; fileRef = 4F76F8412B7E90380010A79B /* DetailView.swift */; };
		4F76F8442B7E92D10010A79B /* NutritionalView.swift in Sources */ = {isa = PBXBuildFile; fileRef = 4F76F8432B7E92D10010A79B /* NutritionalView.swift */; };
		4FD199722B7959610068C22F /* NetworkManager.swift in Sources */ = {isa = PBXBuildFile; fileRef = 4FD199712B7959610068C22F /* NetworkManager.swift */; };
		4FD199742B795AA70068C22F /* ApError.swift in Sources */ = {isa = PBXBuildFile; fileRef = 4FD199732B795AA70068C22F /* ApError.swift */; };
		4FD199762B7963A10068C22F /* ViewModel.swift in Sources */ = {isa = PBXBuildFile; fileRef = 4FD199752B7963A10068C22F /* ViewModel.swift */; };
/* End PBXBuildFile section */

/* Begin PBXFileReference section */
		4F04CF422B62CA980028F8E4 /* Appetisers.app */ = {isa = PBXFileReference; explicitFileType = wrapper.application; includeInIndex = 0; path = Appetisers.app; sourceTree = BUILT_PRODUCTS_DIR; };
		4F04CF452B62CA990028F8E4 /* AppetisersApp.swift */ = {isa = PBXFileReference; lastKnownFileType = sourcecode.swift; path = AppetisersApp.swift; sourceTree = "<group>"; };
		4F04CF472B62CA990028F8E4 /* AppetiserTabView.swift */ = {isa = PBXFileReference; lastKnownFileType = sourcecode.swift; path = AppetiserTabView.swift; sourceTree = "<group>"; };
		4F04CF492B62CA9A0028F8E4 /* Assets.xcassets */ = {isa = PBXFileReference; lastKnownFileType = folder.assetcatalog; path = Assets.xcassets; sourceTree = "<group>"; };
		4F04CF4C2B62CA9A0028F8E4 /* Preview Assets.xcassets */ = {isa = PBXFileReference; lastKnownFileType = folder.assetcatalog; path = "Preview Assets.xcassets"; sourceTree = "<group>"; };
		4F04CF532B62CB8E0028F8E4 /* AppetiserListView.swift */ = {isa = PBXFileReference; lastKnownFileType = sourcecode.swift; path = AppetiserListView.swift; sourceTree = "<group>"; };
		4F04CF552B62CB9E0028F8E4 /* AccountView.swift */ = {isa = PBXFileReference; lastKnownFileType = sourcecode.swift; path = AccountView.swift; sourceTree = "<group>"; };
		4F04CF572B62CBA50028F8E4 /* OrderView.swift */ = {isa = PBXFileReference; lastKnownFileType = sourcecode.swift; path = OrderView.swift; sourceTree = "<group>"; };
		4F04CF592B62D2A00028F8E4 /* Appetiser.swift */ = {isa = PBXFileReference; lastKnownFileType = sourcecode.swift; path = Appetiser.swift; sourceTree = "<group>"; };
		4F04CF5B2B62D6F50028F8E4 /* FoodView.swift */ = {isa = PBXFileReference; lastKnownFileType = sourcecode.swift; path = FoodView.swift; sourceTree = "<group>"; };
		4F04CF5D2B62DC5A0028F8E4 /* FoodImage.swift */ = {isa = PBXFileReference; lastKnownFileType = sourcecode.swift; path = FoodImage.swift; sourceTree = "<group>"; };
		4F131DFD2B9627C10059AC3F /* ButtonView.swift */ = {isa = PBXFileReference; lastKnownFileType = sourcecode.swift; path = ButtonView.swift; sourceTree = "<group>"; };
		4F131DFF2B9629390059AC3F /* XDismissButton.swift */ = {isa = PBXFileReference; lastKnownFileType = sourcecode.swift; path = XDismissButton.swift; sourceTree = "<group>"; };
		4F32FDE22B7C2BD6005C64EF /* Alert.swift */ = {isa = PBXFileReference; lastKnownFileType = sourcecode.swift; path = Alert.swift; sourceTree = "<group>"; };
		4F76F8412B7E90380010A79B /* DetailView.swift */ = {isa = PBXFileReference; lastKnownFileType = sourcecode.swift; path = DetailView.swift; sourceTree = "<group>"; };
		4F76F8432B7E92D10010A79B /* NutritionalView.swift */ = {isa = PBXFileReference; lastKnownFileType = sourcecode.swift; path = NutritionalView.swift; sourceTree = "<group>"; };
		4FD199712B7959610068C22F /* NetworkManager.swift */ = {isa = PBXFileReference; lastKnownFileType = sourcecode.swift; path = NetworkManager.swift; sourceTree = "<group>"; };
		4FD199732B795AA70068C22F /* ApError.swift */ = {isa = PBXFileReference; lastKnownFileType = sourcecode.swift; path = ApError.swift; sourceTree = "<group>"; };
		4FD199752B7963A10068C22F /* ViewModel.swift */ = {isa = PBXFileReference; lastKnownFileType = sourcecode.swift; path = ViewModel.swift; sourceTree = "<group>"; };
/* End PBXFileReference section */

/* Begin PBXFrameworksBuildPhase section */
		4F04CF3F2B62CA980028F8E4 /* Frameworks */ = {
			isa = PBXFrameworksBuildPhase;
			buildActionMask = 2147483647;
			files = (
			);
			runOnlyForDeploymentPostprocessing = 0;
		};
/* End PBXFrameworksBuildPhase section */

/* Begin PBXGroup section */
		4F04CF392B62CA980028F8E4 = {
			isa = PBXGroup;
			children = (
				4F04CF442B62CA980028F8E4 /* Appetisers */,
				4F04CF432B62CA980028F8E4 /* Products */,
			);
			sourceTree = "<group>";
		};
		4F04CF432B62CA980028F8E4 /* Products */ = {
			isa = PBXGroup;
			children = (
				4F04CF422B62CA980028F8E4 /* Appetisers.app */,
			);
			name = Products;
			sourceTree = "<group>";
		};
		4F04CF442B62CA980028F8E4 /* Appetisers */ = {
			isa = PBXGroup;
			children = (
				4F131DFC2B9627390059AC3F /* Views */,
				4F04CF452B62CA990028F8E4 /* AppetisersApp.swift */,
				4F76F8402B7E8FB00010A79B /* Model */,
				4F76F83D2B7E8EC00010A79B /* Utilities */,
				4F76F8392B7E8E5B0010A79B /* Screens */,
				4F04CF492B62CA9A0028F8E4 /* Assets.xcassets */,
				4F04CF4B2B62CA9A0028F8E4 /* Preview Content */,
			);
			path = Appetisers;
			sourceTree = "<group>";
		};
		4F04CF4B2B62CA9A0028F8E4 /* Preview Content */ = {
			isa = PBXGroup;
			children = (
				4F04CF4C2B62CA9A0028F8E4 /* Preview Assets.xcassets */,
			);
			path = "Preview Content";
			sourceTree = "<group>";
		};
		4F131DFC2B9627390059AC3F /* Views */ = {
			isa = PBXGroup;
			children = (
				4F131DFD2B9627C10059AC3F /* ButtonView.swift */,
				4F131DFF2B9629390059AC3F /* XDismissButton.swift */,
			);
			path = Views;
			sourceTree = "<group>";
		};
		4F76F8392B7E8E5B0010A79B /* Screens */ = {
			isa = PBXGroup;
			children = (
				4F04CF472B62CA990028F8E4 /* AppetiserTabView.swift */,
				4F76F83A2B7E8E710010A79B /* AppertiserListView */,
				4F76F83C2B7E8E9D0010A79B /* AccountView */,
				4F76F83B2B7E8E8D0010A79B /* OrderView */,
			);
			path = Screens;
			sourceTree = "<group>";
		};
		4F76F83A2B7E8E710010A79B /* AppertiserListView */ = {
			isa = PBXGroup;
			children = (
				4FD199752B7963A10068C22F /* ViewModel.swift */,
				4F04CF532B62CB8E0028F8E4 /* AppetiserListView.swift */,
				4F04CF5B2B62D6F50028F8E4 /* FoodView.swift */,
				4F04CF5D2B62DC5A0028F8E4 /* FoodImage.swift */,
				4F76F8412B7E90380010A79B /* DetailView.swift */,
				4F76F8432B7E92D10010A79B /* NutritionalView.swift */,
			);
			path = AppertiserListView;
			sourceTree = "<group>";
		};
		4F76F83B2B7E8E8D0010A79B /* OrderView */ = {
			isa = PBXGroup;
			children = (
				4F04CF572B62CBA50028F8E4 /* OrderView.swift */,
			);
			path = OrderView;
			sourceTree = "<group>";
		};
		4F76F83C2B7E8E9D0010A79B /* AccountView */ = {
			isa = PBXGroup;
			children = (
				4F04CF552B62CB9E0028F8E4 /* AccountView.swift */,
			);
			path = AccountView;
			sourceTree = "<group>";
		};
		4F76F83D2B7E8EC00010A79B /* Utilities */ = {
			isa = PBXGroup;
			children = (
				4F76F83F2B7E8ED70010A79B /* Alerts and Errors */,
				4F76F83E2B7E8EC90010A79B /* Managers */,
			);
			path = Utilities;
			sourceTree = "<group>";
		};
		4F76F83E2B7E8EC90010A79B /* Managers */ = {
			isa = PBXGroup;
			children = (
				4FD199712B7959610068C22F /* NetworkManager.swift */,
			);
			path = Managers;
			sourceTree = "<group>";
		};
		4F76F83F2B7E8ED70010A79B /* Alerts and Errors */ = {
			isa = PBXGroup;
			children = (
				4FD199732B795AA70068C22F /* ApError.swift */,
				4F32FDE22B7C2BD6005C64EF /* Alert.swift */,
			);
			path = "Alerts and Errors";
			sourceTree = "<group>";
		};
		4F76F8402B7E8FB00010A79B /* Model */ = {
			isa = PBXGroup;
			children = (
				4F04CF592B62D2A00028F8E4 /* Appetiser.swift */,
			);
			path = Model;
			sourceTree = "<group>";
		};
/* End PBXGroup section */

/* Begin PBXNativeTarget section */
		4F04CF412B62CA980028F8E4 /* Appetisers */ = {
			isa = PBXNativeTarget;
			buildConfigurationList = 4F04CF502B62CA9A0028F8E4 /* Build configuration list for PBXNativeTarget "Appetisers" */;
			buildPhases = (
				4F04CF3E2B62CA980028F8E4 /* Sources */,
				4F04CF3F2B62CA980028F8E4 /* Frameworks */,
				4F04CF402B62CA980028F8E4 /* Resources */,
			);
			buildRules = (
			);
			dependencies = (
			);
			name = Appetisers;
			productName = Appetisers;
			productReference = 4F04CF422B62CA980028F8E4 /* Appetisers.app */;
			productType = "com.apple.product-type.application";
		};
/* End PBXNativeTarget section */

/* Begin PBXProject section */
		4F04CF3A2B62CA980028F8E4 /* Project object */ = {
			isa = PBXProject;
			attributes = {
				BuildIndependentTargetsInParallel = 1;
				LastSwiftUpdateCheck = 1520;
				LastUpgradeCheck = 1520;
				TargetAttributes = {
					4F04CF412B62CA980028F8E4 = {
						CreatedOnToolsVersion = 15.2;
					};
				};
			};
			buildConfigurationList = 4F04CF3D2B62CA980028F8E4 /* Build configuration list for PBXProject "Appetisers" */;
			compatibilityVersion = "Xcode 14.0";
			developmentRegion = en;
			hasScannedForEncodings = 0;
			knownRegions = (
				en,
				Base,
			);
			mainGroup = 4F04CF392B62CA980028F8E4;
			productRefGroup = 4F04CF432B62CA980028F8E4 /* Products */;
			projectDirPath = "";
			projectRoot = "";
			targets = (
				4F04CF412B62CA980028F8E4 /* Appetisers */,
			);
		};
/* End PBXProject section */

/* Begin PBXResourcesBuildPhase section */
		4F04CF402B62CA980028F8E4 /* Resources */ = {
			isa = PBXResourcesBuildPhase;
			buildActionMask = 2147483647;
			files = (
				4F04CF4D2B62CA9A0028F8E4 /* Preview Assets.xcassets in Resources */,
				4F04CF4A2B62CA9A0028F8E4 /* Assets.xcassets in Resources */,
			);
			runOnlyForDeploymentPostprocessing = 0;
		};
/* End PBXResourcesBuildPhase section */

/* Begin PBXSourcesBuildPhase section */
		4F04CF3E2B62CA980028F8E4 /* Sources */ = {
			isa = PBXSourcesBuildPhase;
			buildActionMask = 2147483647;
			files = (
				4FD199722B7959610068C22F /* NetworkManager.swift in Sources */,
				4F04CF562B62CB9E0028F8E4 /* AccountView.swift in Sources */,
				4F131DFE2B9627C10059AC3F /* ButtonView.swift in Sources */,
				4F04CF542B62CB8E0028F8E4 /* AppetiserListView.swift in Sources */,
				4FD199762B7963A10068C22F /* ViewModel.swift in Sources */,
				4F76F8442B7E92D10010A79B /* NutritionalView.swift in Sources */,
				4FD199742B795AA70068C22F /* ApError.swift in Sources */,
				4F04CF5C2B62D6F50028F8E4 /* FoodView.swift in Sources */,
				4F32FDE32B7C2BD6005C64EF /* Alert.swift in Sources */,
				4F76F8422B7E90380010A79B /* DetailView.swift in Sources */,
				4F04CF482B62CA990028F8E4 /* AppetiserTabView.swift in Sources */,
				4F04CF462B62CA990028F8E4 /* AppetisersApp.swift in Sources */,
				4F04CF5E2B62DC5A0028F8E4 /* FoodImage.swift in Sources */,
				4F04CF582B62CBA50028F8E4 /* OrderView.swift in Sources */,
				4F04CF5A2B62D2A00028F8E4 /* Appetiser.swift in Sources */,
				4F131E002B9629390059AC3F /* XDismissButton.swift in Sources */,
			);
			runOnlyForDeploymentPostprocessing = 0;
		};
/* End PBXSourcesBuildPhase section */

/* Begin XCBuildConfiguration section */
		4F04CF4E2B62CA9A0028F8E4 /* Debug */ = {
			isa = XCBuildConfiguration;
			buildSettings = {
				ALWAYS_SEARCH_USER_PATHS = NO;
				ASSETCATALOG_COMPILER_GENERATE_SWIFT_ASSET_SYMBOL_EXTENSIONS = YES;
				CLANG_ANALYZER_NONNULL = YES;
				CLANG_ANALYZER_NUMBER_OBJECT_CONVERSION = YES_AGGRESSIVE;
				CLANG_CXX_LANGUAGE_STANDARD = "gnu++20";
				CLANG_ENABLE_MODULES = YES;
				CLANG_ENABLE_OBJC_ARC = YES;
				CLANG_ENABLE_OBJC_WEAK = YES;
				CLANG_WARN_BLOCK_CAPTURE_AUTORELEASING = YES;
				CLANG_WARN_BOOL_CONVERSION = YES;
				CLANG_WARN_COMMA = YES;
				CLANG_WARN_CONSTANT_CONVERSION = YES;
				CLANG_WARN_DEPRECATED_OBJC_IMPLEMENTATIONS = YES;
				CLANG_WARN_DIRECT_OBJC_ISA_USAGE = YES_ERROR;
				CLANG_WARN_DOCUMENTATION_COMMENTS = YES;
				CLANG_WARN_EMPTY_BODY = YES;
				CLANG_WARN_ENUM_CONVERSION = YES;
				CLANG_WARN_INFINITE_RECURSION = YES;
				CLANG_WARN_INT_CONVERSION = YES;
				CLANG_WARN_NON_LITERAL_NULL_CONVERSION = YES;
				CLANG_WARN_OBJC_IMPLICIT_RETAIN_SELF = YES;
				CLANG_WARN_OBJC_LITERAL_CONVERSION = YES;
				CLANG_WARN_OBJC_ROOT_CLASS = YES_ERROR;
				CLANG_WARN_QUOTED_INCLUDE_IN_FRAMEWORK_HEADER = YES;
				CLANG_WARN_RANGE_LOOP_ANALYSIS = YES;
				CLANG_WARN_STRICT_PROTOTYPES = YES;
				CLANG_WARN_SUSPICIOUS_MOVE = YES;
				CLANG_WARN_UNGUARDED_AVAILABILITY = YES_AGGRESSIVE;
				CLANG_WARN_UNREACHABLE_CODE = YES;
				CLANG_WARN__DUPLICATE_METHOD_MATCH = YES;
				COPY_PHASE_STRIP = NO;
				DEBUG_INFORMATION_FORMAT = dwarf;
				ENABLE_STRICT_OBJC_MSGSEND = YES;
				ENABLE_TESTABILITY = YES;
				ENABLE_USER_SCRIPT_SANDBOXING = YES;
				GCC_C_LANGUAGE_STANDARD = gnu17;
				GCC_DYNAMIC_NO_PIC = NO;
				GCC_NO_COMMON_BLOCKS = YES;
				GCC_OPTIMIZATION_LEVEL = 0;
				GCC_PREPROCESSOR_DEFINITIONS = (
					"DEBUG=1",
					"$(inherited)",
				);
				GCC_WARN_64_TO_32_BIT_CONVERSION = YES;
				GCC_WARN_ABOUT_RETURN_TYPE = YES_ERROR;
				GCC_WARN_UNDECLARED_SELECTOR = YES;
				GCC_WARN_UNINITIALIZED_AUTOS = YES_AGGRESSIVE;
				GCC_WARN_UNUSED_FUNCTION = YES;
				GCC_WARN_UNUSED_VARIABLE = YES;
				IPHONEOS_DEPLOYMENT_TARGET = 17.2;
				LOCALIZATION_PREFERS_STRING_CATALOGS = YES;
				MTL_ENABLE_DEBUG_INFO = INCLUDE_SOURCE;
				MTL_FAST_MATH = YES;
				ONLY_ACTIVE_ARCH = YES;
				SDKROOT = iphoneos;
				SWIFT_ACTIVE_COMPILATION_CONDITIONS = "DEBUG $(inherited)";
				SWIFT_OPTIMIZATION_LEVEL = "-Onone";
			};
			name = Debug;
		};
		4F04CF4F2B62CA9A0028F8E4 /* Release */ = {
			isa = XCBuildConfiguration;
			buildSettings = {
				ALWAYS_SEARCH_USER_PATHS = NO;
				ASSETCATALOG_COMPILER_GENERATE_SWIFT_ASSET_SYMBOL_EXTENSIONS = YES;
				CLANG_ANALYZER_NONNULL = YES;
				CLANG_ANALYZER_NUMBER_OBJECT_CONVERSION = YES_AGGRESSIVE;
				CLANG_CXX_LANGUAGE_STANDARD = "gnu++20";
				CLANG_ENABLE_MODULES = YES;
				CLANG_ENABLE_OBJC_ARC = YES;
				CLANG_ENABLE_OBJC_WEAK = YES;
				CLANG_WARN_BLOCK_CAPTURE_AUTORELEASING = YES;
				CLANG_WARN_BOOL_CONVERSION = YES;
				CLANG_WARN_COMMA = YES;
				CLANG_WARN_CONSTANT_CONVERSION = YES;
				CLANG_WARN_DEPRECATED_OBJC_IMPLEMENTATIONS = YES;
				CLANG_WARN_DIRECT_OBJC_ISA_USAGE = YES_ERROR;
				CLANG_WARN_DOCUMENTATION_COMMENTS = YES;
				CLANG_WARN_EMPTY_BODY = YES;
				CLANG_WARN_ENUM_CONVERSION = YES;
				CLANG_WARN_INFINITE_RECURSION = YES;
				CLANG_WARN_INT_CONVERSION = YES;
				CLANG_WARN_NON_LITERAL_NULL_CONVERSION = YES;
				CLANG_WARN_OBJC_IMPLICIT_RETAIN_SELF = YES;
				CLANG_WARN_OBJC_LITERAL_CONVERSION = YES;
				CLANG_WARN_OBJC_ROOT_CLASS = YES_ERROR;
				CLANG_WARN_QUOTED_INCLUDE_IN_FRAMEWORK_HEADER = YES;
				CLANG_WARN_RANGE_LOOP_ANALYSIS = YES;
				CLANG_WARN_STRICT_PROTOTYPES = YES;
				CLANG_WARN_SUSPICIOUS_MOVE = YES;
				CLANG_WARN_UNGUARDED_AVAILABILITY = YES_AGGRESSIVE;
				CLANG_WARN_UNREACHABLE_CODE = YES;
				CLANG_WARN__DUPLICATE_METHOD_MATCH = YES;
				COPY_PHASE_STRIP = NO;
				DEBUG_INFORMATION_FORMAT = "dwarf-with-dsym";
				ENABLE_NS_ASSERTIONS = NO;
				ENABLE_STRICT_OBJC_MSGSEND = YES;
				ENABLE_USER_SCRIPT_SANDBOXING = YES;
				GCC_C_LANGUAGE_STANDARD = gnu17;
				GCC_NO_COMMON_BLOCKS = YES;
				GCC_WARN_64_TO_32_BIT_CONVERSION = YES;
				GCC_WARN_ABOUT_RETURN_TYPE = YES_ERROR;
				GCC_WARN_UNDECLARED_SELECTOR = YES;
				GCC_WARN_UNINITIALIZED_AUTOS = YES_AGGRESSIVE;
				GCC_WARN_UNUSED_FUNCTION = YES;
				GCC_WARN_UNUSED_VARIABLE = YES;
				IPHONEOS_DEPLOYMENT_TARGET = 17.2;
				LOCALIZATION_PREFERS_STRING_CATALOGS = YES;
				MTL_ENABLE_DEBUG_INFO = NO;
				MTL_FAST_MATH = YES;
				SDKROOT = iphoneos;
				SWIFT_COMPILATION_MODE = wholemodule;
				VALIDATE_PRODUCT = YES;
			};
			name = Release;
		};
		4F04CF512B62CA9A0028F8E4 /* Debug */ = {
			isa = XCBuildConfiguration;
			buildSettings = {
				ASSETCATALOG_COMPILER_APPICON_NAME = AppIcon;
				ASSETCATALOG_COMPILER_GLOBAL_ACCENT_COLOR_NAME = AccentColor;
				CODE_SIGN_STYLE = Automatic;
				CURRENT_PROJECT_VERSION = 1;
				DEVELOPMENT_ASSET_PATHS = "\"Appetisers/Preview Content\"";
				DEVELOPMENT_TEAM = 2CZ3B92866;
				ENABLE_PREVIEWS = YES;
				GENERATE_INFOPLIST_FILE = YES;
				INFOPLIST_KEY_UIApplicationSceneManifest_Generation = YES;
				INFOPLIST_KEY_UIApplicationSupportsIndirectInputEvents = YES;
				INFOPLIST_KEY_UILaunchScreen_Generation = YES;
				INFOPLIST_KEY_UISupportedInterfaceOrientations_iPad = "UIInterfaceOrientationPortrait UIInterfaceOrientationPortraitUpsideDown UIInterfaceOrientationLandscapeLeft UIInterfaceOrientationLandscapeRight";
				INFOPLIST_KEY_UISupportedInterfaceOrientations_iPhone = "UIInterfaceOrientationPortrait UIInterfaceOrientationLandscapeLeft UIInterfaceOrientationLandscapeRight";
				IPHONEOS_DEPLOYMENT_TARGET = 17.0;
				LD_RUNPATH_SEARCH_PATHS = (
					"$(inherited)",
					"@executable_path/Frameworks",
				);
				MARKETING_VERSION = 1.0;
				PRODUCT_BUNDLE_IDENTIFIER = Singh.Shomil.Appetisers;
				PRODUCT_NAME = "$(TARGET_NAME)";
				SWIFT_EMIT_LOC_STRINGS = YES;
				SWIFT_VERSION = 5.0;
				TARGETED_DEVICE_FAMILY = "1,2";
			};
			name = Debug;
		};
		4F04CF522B62CA9A0028F8E4 /* Release */ = {
			isa = XCBuildConfiguration;
			buildSettings = {
				ASSETCATALOG_COMPILER_APPICON_NAME = AppIcon;
				ASSETCATALOG_COMPILER_GLOBAL_ACCENT_COLOR_NAME = AccentColor;
				CODE_SIGN_STYLE = Automatic;
				CURRENT_PROJECT_VERSION = 1;
				DEVELOPMENT_ASSET_PATHS = "\"Appetisers/Preview Content\"";
				DEVELOPMENT_TEAM = 2CZ3B92866;
				ENABLE_PREVIEWS = YES;
				GENERATE_INFOPLIST_FILE = YES;
				INFOPLIST_KEY_UIApplicationSceneManifest_Generation = YES;
				INFOPLIST_KEY_UIApplicationSupportsIndirectInputEvents = YES;
				INFOPLIST_KEY_UILaunchScreen_Generation = YES;
				INFOPLIST_KEY_UISupportedInterfaceOrientations_iPad = "UIInterfaceOrientationPortrait UIInterfaceOrientationPortraitUpsideDown UIInterfaceOrientationLandscapeLeft UIInterfaceOrientationLandscapeRight";
				INFOPLIST_KEY_UISupportedInterfaceOrientations_iPhone = "UIInterfaceOrientationPortrait UIInterfaceOrientationLandscapeLeft UIInterfaceOrientationLandscapeRight";
				IPHONEOS_DEPLOYMENT_TARGET = 17.0;
				LD_RUNPATH_SEARCH_PATHS = (
					"$(inherited)",
					"@executable_path/Frameworks",
				);
				MARKETING_VERSION = 1.0;
				PRODUCT_BUNDLE_IDENTIFIER = Singh.Shomil.Appetisers;
				PRODUCT_NAME = "$(TARGET_NAME)";
				SWIFT_EMIT_LOC_STRINGS = YES;
				SWIFT_VERSION = 5.0;
				TARGETED_DEVICE_FAMILY = "1,2";
			};
			name = Release;
		};
/* End XCBuildConfiguration section */

/* Begin XCConfigurationList section */
		4F04CF3D2B62CA980028F8E4 /* Build configuration list for PBXProject "Appetisers" */ = {
			isa = XCConfigurationList;
			buildConfigurations = (
				4F04CF4E2B62CA9A0028F8E4 /* Debug */,
				4F04CF4F2B62CA9A0028F8E4 /* Release */,
			);
			defaultConfigurationIsVisible = 0;
			defaultConfigurationName = Release;
		};
		4F04CF502B62CA9A0028F8E4 /* Build configuration list for PBXNativeTarget "Appetisers" */ = {
			isa = XCConfigurationList;
			buildConfigurations = (
				4F04CF512B62CA9A0028F8E4 /* Debug */,
				4F04CF522B62CA9A0028F8E4 /* Release */,
			);
			defaultConfigurationIsVisible = 0;
			defaultConfigurationName = Release;
		};
/* End XCConfigurationList section */
	};
	rootObject = 4F04CF3A2B62CA980028F8E4 /* Project object */;
}
